
Microsoft Visual Studio Solution File, Format Version 12.00
Project("{FAE04EC0-301F-11D3-BF4B-00C04F79EFBC}") = "Enter.Modularity", "Enter.Modularity\Enter.Modularity.csproj", "{EFD15697-C072-4C37-9966-76456BB1F5C6}"
EndProject
Project("{2150E333-8FDC-42A3-9474-1A3956D46DE8}") = "Example", "Example", "{A583C082-0FFC-42C8-8796-2F21FF03534C}"
EndProject
Project("{FAE04EC0-301F-11D3-BF4B-00C04F79EFBC}") = "EME.Module1", "EME.Module1\EME.Module1.csproj", "{DB999DC9-115B-4D10-AA24-425AB3A51B6E}"
EndProject
Project("{FAE04EC0-301F-11D3-BF4B-00C04F79EFBC}") = "EME.Module2", "EME.Module2\EME.Module2.csproj", "{59C0002E-2454-4CC0-87DE-FD4FC038D764}"
EndProject
Project("{FAE04EC0-301F-11D3-BF4B-00C04F79EFBC}") = "EME.App", "EME.App\EME.App.csproj", "{5F09323C-B647-4990-8D69-D7AD69D57306}"
EndProject
Global
	GlobalSection(SolutionConfigurationPlatforms) = preSolution
		Debug|Any CPU = Debug|Any CPU
		Release|Any CPU = Release|Any CPU
	EndGlobalSection
	GlobalSection(ProjectConfigurationPlatforms) = postSolution
		{EFD15697-C072-4C37-9966-76456BB1F5C6}.Debug|Any CPU.ActiveCfg = Debug|Any CPU
		{EFD15697-C072-4C37-9966-76456BB1F5C6}.Debug|Any CPU.Build.0 = Debug|Any CPU
		{EFD15697-C072-4C37-9966-76456BB1F5C6}.Release|Any CPU.ActiveCfg = Release|Any CPU
		{EFD15697-C072-4C37-9966-76456BB1F5C6}.Release|Any CPU.Build.0 = Release|Any CPU
		{DB999DC9-115B-4D10-AA24-425AB3A51B6E}.Debug|Any CPU.ActiveCfg = Debug|Any CPU
		{DB999DC9-115B-4D10-AA24-425AB3A51B6E}.Debug|Any CPU.Build.0 = Debug|Any CPU
		{DB999DC9-115B-4D10-AA24-425AB3A51B6E}.Release|Any CPU.ActiveCfg = Release|Any CPU
		{DB999DC9-115B-4D10-AA24-425AB3A51B6E}.Release|Any CPU.Build.0 = Release|Any CPU
		{59C0002E-2454-4CC0-87DE-FD4FC038D764}.Debug|Any CPU.ActiveCfg = Debug|Any CPU
		{59C0002E-2454-4CC0-87DE-FD4FC038D764}.Debug|Any CPU.Build.0 = Debug|Any CPU
		{59C0002E-2454-4CC0-87DE-FD4FC038D764}.Release|Any CPU.ActiveCfg = Release|Any CPU
		{59C0002E-2454-4CC0-87DE-FD4FC038D764}.Release|Any CPU.Build.0 = Release|Any CPU
		{5F09323C-B647-4990-8D69-D7AD69D57306}.Debug|Any CPU.ActiveCfg = Debug|Any CPU
		{5F09323C-B647-4990-8D69-D7AD69D57306}.Debug|Any CPU.Build.0 = Debug|Any CPU
		{5F09323C-B647-4990-8D69-D7AD69D57306}.Release|Any CPU.ActiveCfg = Release|Any CPU
		{5F09323C-B647-4990-8D69-D7AD69D57306}.Release|Any CPU.Build.0 = Release|Any CPU
	EndGlobalSection
	GlobalSection(NestedProjects) = preSolution
		{DB999DC9-115B-4D10-AA24-425AB3A51B6E} = {A583C082-0FFC-42C8-8796-2F21FF03534C}
		{59C0002E-2454-4CC0-87DE-FD4FC038D764} = {A583C082-0FFC-42C8-8796-2F21FF03534C}
		{5F09323C-B647-4990-8D69-D7AD69D57306} = {A583C082-0FFC-42C8-8796-2F21FF03534C}
	EndGlobalSection
EndGlobal
