
Microsoft Visual Studio Solution File, Format Version 12.00
Project("{2150E333-8FDC-42A3-9474-1A3956D46DE8}") = "Example", "Example", "{A583C082-0FFC-42C8-8796-2F21FF03534C}"
EndProject
Project("{2150E333-8FDC-42A3-9474-1A3956D46DE8}") = "Src", "Src", "{D6306A2D-EE69-4CAC-AD29-8E100629C8C2}"
EndProject
Project("{FAE04EC0-301F-11D3-BF4B-00C04F79EFBC}") = "Enter.ENB.Example.Application", "Example\Enter.ENB.Example.Application\Enter.ENB.Example.Application.csproj", "{8C5A08C6-57A8-4E61-B91A-52F6F3D03538}"
EndProject
Project("{FAE04EC0-301F-11D3-BF4B-00C04F79EFBC}") = "Enter.ENB.Example.Domain", "Example\Enter.ENB.Example.Domain\Enter.ENB.Example.Domain.csproj", "{279D71BE-B67F-4D05-A2A0-D208837FC695}"
EndProject
Project("{FAE04EC0-301F-11D3-BF4B-00C04F79EFBC}") = "Enter.ENB.Example.Api", "Example\Enter.ENB.Example.Api\Enter.ENB.Example.Api.csproj", "{69BAFB02-39E2-4F95-BC7D-FC6234A09B2D}"
EndProject
Project("{FAE04EC0-301F-11D3-BF4B-00C04F79EFBC}") = "Enter.ENB.DDD.Domain", "Src\Enter.ENB.DDD.Domain\Enter.ENB.DDD.Domain.csproj", "{9BB4752B-620B-4F95-BCDC-64BA5F8D8D21}"
EndProject
Project("{FAE04EC0-301F-11D3-BF4B-00C04F79EFBC}") = "Enter.ENB.Data", "Src\Enter.ENB.Data\Enter.ENB.Data.csproj", "{202EE48A-1792-427F-A661-5FCC8F8E3588}"
EndProject
Project("{FAE04EC0-301F-11D3-BF4B-00C04F79EFBC}") = "Enter.ENB.Core", "Src\Enter.ENB.Core\Enter.ENB.Core.csproj", "{646F27F0-49DD-414E-AE96-6C9050752FC1}"
EndProject
Project("{FAE04EC0-301F-11D3-BF4B-00C04F79EFBC}") = "Enter.ENB.ExceptionHandling", "Src\Enter.ENB.ExceptionHandling\Enter.ENB.ExceptionHandling.csproj", "{1497914A-090B-4968-BFA9-EB36A1F5847F}"
EndProject
Project("{FAE04EC0-301F-11D3-BF4B-00C04F79EFBC}") = "Enter.ENB", "Src\Enter.ENB\Enter.ENB.csproj", "{5DC6CD5C-C7D7-4D3B-BFC2-33F643380968}"
EndProject
Project("{FAE04EC0-301F-11D3-BF4B-00C04F79EFBC}") = "Enter.ENB.Auditing", "Src\Enter.ENB.Auditing\Enter.ENB.Auditing.csproj", "{5D05F1F1-CB3D-41B9-87F4-AE6686B510CA}"
EndProject
Project("{FAE04EC0-301F-11D3-BF4B-00C04F79EFBC}") = "Enter.ENB.MultiTenancy", "Src\Enter.ENB.MultiTenancy\Enter.ENB.MultiTenancy.csproj", "{8F130793-A3EF-45EF-868D-C13E17894EB6}"
EndProject
Project("{FAE04EC0-301F-11D3-BF4B-00C04F79EFBC}") = "Enter.ENB.DDD.Application", "Src\Enter.ENB.DDD.Application\Enter.ENB.DDD.Application.csproj", "{E40320D2-2A94-42A3-A119-B1DE5E222B34}"
EndProject
Project("{FAE04EC0-301F-11D3-BF4B-00C04F79EFBC}") = "Enter.ENB.Example.Domain.Shared", "Example\Enter.ENB.Example.Domain.Shared\Enter.ENB.Example.Domain.Shared.csproj", "{570C094C-E805-434F-ADC9-335FFC03C43A}"
EndProject
Project("{2150E333-8FDC-42A3-9474-1A3956D46DE8}") = "Modules", "Modules", "{5B66FBA4-74E2-4FBE-B340-FF026E81EB23}"
EndProject
Project("{2150E333-8FDC-42A3-9474-1A3956D46DE8}") = "Identity", "Identity", "{2BC9CB04-160A-48EA-8D0A-E0B71D4219F0}"
EndProject
Project("{FAE04EC0-301F-11D3-BF4B-00C04F79EFBC}") = "Enter.ENB.Identity.Domain", "Src\Modules\Identity\Enter.ENB.Identity.Domain\Enter.ENB.Identity.Domain.csproj", "{7B179E92-2F69-4A4A-9038-6D6E475523E9}"
EndProject
Project("{FAE04EC0-301F-11D3-BF4B-00C04F79EFBC}") = "Enter.ENB.Identity.Domain.Shared", "Src\Modules\Identity\Enter.ENB.Identity.Domain.Shared\Enter.ENB.Identity.Domain.Shared.csproj", "{10D529DE-18F1-4956-A28A-6BD50F6B183B}"
EndProject
Project("{FAE04EC0-301F-11D3-BF4B-00C04F79EFBC}") = "Enter.ENB.Identity.Application", "Src\Modules\Identity\Enter.ENB.Identity.Application\Enter.ENB.Identity.Application.csproj", "{62C119C4-3548-4D95-BE57-46C311AA2B9D}"
EndProject
Project("{FAE04EC0-301F-11D3-BF4B-00C04F79EFBC}") = "Enter.ENB.Identity.Application.Contracts", "Src\Modules\Identity\Enter.ENB.Identity.Application.Contracts\Enter.ENB.Identity.Application.Contracts.csproj", "{0FC401C8-DAF6-410F-A825-985E9F81943C}"
EndProject
Project("{FAE04EC0-301F-11D3-BF4B-00C04F79EFBC}") = "Enter.ENB.AspNetCore", "Src\Enter.ENB.AspNetCore\Enter.ENB.AspNetCore.csproj", "{A9C20DC1-DB8B-4D61-9C6D-3A3106EB3BB4}"
EndProject
Project("{FAE04EC0-301F-11D3-BF4B-00C04F79EFBC}") = "Enter.ENB.Identity.EntityFrameworkCore", "Src\Modules\Identity\Enter.ENB.Identity.EntityFrameworkCore\Enter.ENB.Identity.EntityFrameworkCore.csproj", "{B67E908F-ACF1-4936-BA59-91CE142A70C6}"
EndProject
Project("{FAE04EC0-301F-11D3-BF4B-00C04F79EFBC}") = "Enter.ENB.Example.EntityFrameworkCore", "Example\Enter.ENB.Example.EntityFrameworkCore\Enter.ENB.Example.EntityFrameworkCore.csproj", "{62B0A46B-201E-43C5-869F-85BE416CDA41}"
EndProject
Project("{FAE04EC0-301F-11D3-BF4B-00C04F79EFBC}") = "Enter.ENB.EntityFrameworkCore", "Src\Enter.ENB.EntityFrameworkCore\Enter.ENB.EntityFrameworkCore.csproj", "{4A47DF11-2CC5-4B90-B64B-A5D13671E11E}"
EndProject
Project("{FAE04EC0-301F-11D3-BF4B-00C04F79EFBC}") = "Enter.ENB.DDD.Application.Contracts", "Src\Enter.ENB.DDD.Application.Contracts\Enter.ENB.DDD.Application.Contracts.csproj", "{0A56B6AE-78C2-40D2-B10E-E1C58AC0E384}"
EndProject
Project("{FAE04EC0-301F-11D3-BF4B-00C04F79EFBC}") = "Enter.ENB.EntityFrameworkCore.SqlServer", "Src\Enter.ENB.EntityFrameworkCore.SqlServer\Enter.ENB.EntityFrameworkCore.SqlServer.csproj", "{EA995900-8B73-4F5C-B4B6-AF5BA17A26B4}"
EndProject
Global
	GlobalSection(SolutionConfigurationPlatforms) = preSolution
		Debug|Any CPU = Debug|Any CPU
		Release|Any CPU = Release|Any CPU
	EndGlobalSection
	GlobalSection(ProjectConfigurationPlatforms) = postSolution
		{8C5A08C6-57A8-4E61-B91A-52F6F3D03538}.Debug|Any CPU.ActiveCfg = Debug|Any CPU
		{8C5A08C6-57A8-4E61-B91A-52F6F3D03538}.Debug|Any CPU.Build.0 = Debug|Any CPU
		{8C5A08C6-57A8-4E61-B91A-52F6F3D03538}.Release|Any CPU.ActiveCfg = Release|Any CPU
		{8C5A08C6-57A8-4E61-B91A-52F6F3D03538}.Release|Any CPU.Build.0 = Release|Any CPU
		{279D71BE-B67F-4D05-A2A0-D208837FC695}.Debug|Any CPU.ActiveCfg = Debug|Any CPU
		{279D71BE-B67F-4D05-A2A0-D208837FC695}.Debug|Any CPU.Build.0 = Debug|Any CPU
		{279D71BE-B67F-4D05-A2A0-D208837FC695}.Release|Any CPU.ActiveCfg = Release|Any CPU
		{279D71BE-B67F-4D05-A2A0-D208837FC695}.Release|Any CPU.Build.0 = Release|Any CPU
		{69BAFB02-39E2-4F95-BC7D-FC6234A09B2D}.Debug|Any CPU.ActiveCfg = Debug|Any CPU
		{69BAFB02-39E2-4F95-BC7D-FC6234A09B2D}.Debug|Any CPU.Build.0 = Debug|Any CPU
		{69BAFB02-39E2-4F95-BC7D-FC6234A09B2D}.Release|Any CPU.ActiveCfg = Release|Any CPU
		{69BAFB02-39E2-4F95-BC7D-FC6234A09B2D}.Release|Any CPU.Build.0 = Release|Any CPU
		{9BB4752B-620B-4F95-BCDC-64BA5F8D8D21}.Debug|Any CPU.ActiveCfg = Debug|Any CPU
		{9BB4752B-620B-4F95-BCDC-64BA5F8D8D21}.Debug|Any CPU.Build.0 = Debug|Any CPU
		{9BB4752B-620B-4F95-BCDC-64BA5F8D8D21}.Release|Any CPU.ActiveCfg = Release|Any CPU
		{9BB4752B-620B-4F95-BCDC-64BA5F8D8D21}.Release|Any CPU.Build.0 = Release|Any CPU
		{202EE48A-1792-427F-A661-5FCC8F8E3588}.Debug|Any CPU.ActiveCfg = Debug|Any CPU
		{202EE48A-1792-427F-A661-5FCC8F8E3588}.Debug|Any CPU.Build.0 = Debug|Any CPU
		{202EE48A-1792-427F-A661-5FCC8F8E3588}.Release|Any CPU.ActiveCfg = Release|Any CPU
		{202EE48A-1792-427F-A661-5FCC8F8E3588}.Release|Any CPU.Build.0 = Release|Any CPU
		{646F27F0-49DD-414E-AE96-6C9050752FC1}.Debug|Any CPU.ActiveCfg = Debug|Any CPU
		{646F27F0-49DD-414E-AE96-6C9050752FC1}.Debug|Any CPU.Build.0 = Debug|Any CPU
		{646F27F0-49DD-414E-AE96-6C9050752FC1}.Release|Any CPU.ActiveCfg = Release|Any CPU
		{646F27F0-49DD-414E-AE96-6C9050752FC1}.Release|Any CPU.Build.0 = Release|Any CPU
		{1497914A-090B-4968-BFA9-EB36A1F5847F}.Debug|Any CPU.ActiveCfg = Debug|Any CPU
		{1497914A-090B-4968-BFA9-EB36A1F5847F}.Debug|Any CPU.Build.0 = Debug|Any CPU
		{1497914A-090B-4968-BFA9-EB36A1F5847F}.Release|Any CPU.ActiveCfg = Release|Any CPU
		{1497914A-090B-4968-BFA9-EB36A1F5847F}.Release|Any CPU.Build.0 = Release|Any CPU
		{5DC6CD5C-C7D7-4D3B-BFC2-33F643380968}.Debug|Any CPU.ActiveCfg = Debug|Any CPU
		{5DC6CD5C-C7D7-4D3B-BFC2-33F643380968}.Debug|Any CPU.Build.0 = Debug|Any CPU
		{5DC6CD5C-C7D7-4D3B-BFC2-33F643380968}.Release|Any CPU.ActiveCfg = Release|Any CPU
		{5DC6CD5C-C7D7-4D3B-BFC2-33F643380968}.Release|Any CPU.Build.0 = Release|Any CPU
		{5D05F1F1-CB3D-41B9-87F4-AE6686B510CA}.Debug|Any CPU.ActiveCfg = Debug|Any CPU
		{5D05F1F1-CB3D-41B9-87F4-AE6686B510CA}.Debug|Any CPU.Build.0 = Debug|Any CPU
		{5D05F1F1-CB3D-41B9-87F4-AE6686B510CA}.Release|Any CPU.ActiveCfg = Release|Any CPU
		{5D05F1F1-CB3D-41B9-87F4-AE6686B510CA}.Release|Any CPU.Build.0 = Release|Any CPU
		{8F130793-A3EF-45EF-868D-C13E17894EB6}.Debug|Any CPU.ActiveCfg = Debug|Any CPU
		{8F130793-A3EF-45EF-868D-C13E17894EB6}.Debug|Any CPU.Build.0 = Debug|Any CPU
		{8F130793-A3EF-45EF-868D-C13E17894EB6}.Release|Any CPU.ActiveCfg = Release|Any CPU
		{8F130793-A3EF-45EF-868D-C13E17894EB6}.Release|Any CPU.Build.0 = Release|Any CPU
		{E40320D2-2A94-42A3-A119-B1DE5E222B34}.Debug|Any CPU.ActiveCfg = Debug|Any CPU
		{E40320D2-2A94-42A3-A119-B1DE5E222B34}.Debug|Any CPU.Build.0 = Debug|Any CPU
		{E40320D2-2A94-42A3-A119-B1DE5E222B34}.Release|Any CPU.ActiveCfg = Release|Any CPU
		{E40320D2-2A94-42A3-A119-B1DE5E222B34}.Release|Any CPU.Build.0 = Release|Any CPU
		{570C094C-E805-434F-ADC9-335FFC03C43A}.Debug|Any CPU.ActiveCfg = Debug|Any CPU
		{570C094C-E805-434F-ADC9-335FFC03C43A}.Debug|Any CPU.Build.0 = Debug|Any CPU
		{570C094C-E805-434F-ADC9-335FFC03C43A}.Release|Any CPU.ActiveCfg = Release|Any CPU
		{570C094C-E805-434F-ADC9-335FFC03C43A}.Release|Any CPU.Build.0 = Release|Any CPU
		{7B179E92-2F69-4A4A-9038-6D6E475523E9}.Debug|Any CPU.ActiveCfg = Debug|Any CPU
		{7B179E92-2F69-4A4A-9038-6D6E475523E9}.Debug|Any CPU.Build.0 = Debug|Any CPU
		{7B179E92-2F69-4A4A-9038-6D6E475523E9}.Release|Any CPU.ActiveCfg = Release|Any CPU
		{7B179E92-2F69-4A4A-9038-6D6E475523E9}.Release|Any CPU.Build.0 = Release|Any CPU
		{10D529DE-18F1-4956-A28A-6BD50F6B183B}.Debug|Any CPU.ActiveCfg = Debug|Any CPU
		{10D529DE-18F1-4956-A28A-6BD50F6B183B}.Debug|Any CPU.Build.0 = Debug|Any CPU
		{10D529DE-18F1-4956-A28A-6BD50F6B183B}.Release|Any CPU.ActiveCfg = Release|Any CPU
		{10D529DE-18F1-4956-A28A-6BD50F6B183B}.Release|Any CPU.Build.0 = Release|Any CPU
		{62C119C4-3548-4D95-BE57-46C311AA2B9D}.Debug|Any CPU.ActiveCfg = Debug|Any CPU
		{62C119C4-3548-4D95-BE57-46C311AA2B9D}.Debug|Any CPU.Build.0 = Debug|Any CPU
		{62C119C4-3548-4D95-BE57-46C311AA2B9D}.Release|Any CPU.ActiveCfg = Release|Any CPU
		{62C119C4-3548-4D95-BE57-46C311AA2B9D}.Release|Any CPU.Build.0 = Release|Any CPU
		{0FC401C8-DAF6-410F-A825-985E9F81943C}.Debug|Any CPU.ActiveCfg = Debug|Any CPU
		{0FC401C8-DAF6-410F-A825-985E9F81943C}.Debug|Any CPU.Build.0 = Debug|Any CPU
		{0FC401C8-DAF6-410F-A825-985E9F81943C}.Release|Any CPU.ActiveCfg = Release|Any CPU
		{0FC401C8-DAF6-410F-A825-985E9F81943C}.Release|Any CPU.Build.0 = Release|Any CPU
		{A9C20DC1-DB8B-4D61-9C6D-3A3106EB3BB4}.Debug|Any CPU.ActiveCfg = Debug|Any CPU
		{A9C20DC1-DB8B-4D61-9C6D-3A3106EB3BB4}.Debug|Any CPU.Build.0 = Debug|Any CPU
		{A9C20DC1-DB8B-4D61-9C6D-3A3106EB3BB4}.Release|Any CPU.ActiveCfg = Release|Any CPU
		{A9C20DC1-DB8B-4D61-9C6D-3A3106EB3BB4}.Release|Any CPU.Build.0 = Release|Any CPU
		{B67E908F-ACF1-4936-BA59-91CE142A70C6}.Debug|Any CPU.ActiveCfg = Debug|Any CPU
		{B67E908F-ACF1-4936-BA59-91CE142A70C6}.Debug|Any CPU.Build.0 = Debug|Any CPU
		{B67E908F-ACF1-4936-BA59-91CE142A70C6}.Release|Any CPU.ActiveCfg = Release|Any CPU
		{B67E908F-ACF1-4936-BA59-91CE142A70C6}.Release|Any CPU.Build.0 = Release|Any CPU
		{62B0A46B-201E-43C5-869F-85BE416CDA41}.Debug|Any CPU.ActiveCfg = Debug|Any CPU
		{62B0A46B-201E-43C5-869F-85BE416CDA41}.Debug|Any CPU.Build.0 = Debug|Any CPU
		{62B0A46B-201E-43C5-869F-85BE416CDA41}.Release|Any CPU.ActiveCfg = Release|Any CPU
		{62B0A46B-201E-43C5-869F-85BE416CDA41}.Release|Any CPU.Build.0 = Release|Any CPU
		{4A47DF11-2CC5-4B90-B64B-A5D13671E11E}.Debug|Any CPU.ActiveCfg = Debug|Any CPU
		{4A47DF11-2CC5-4B90-B64B-A5D13671E11E}.Debug|Any CPU.Build.0 = Debug|Any CPU
		{4A47DF11-2CC5-4B90-B64B-A5D13671E11E}.Release|Any CPU.ActiveCfg = Release|Any CPU
		{4A47DF11-2CC5-4B90-B64B-A5D13671E11E}.Release|Any CPU.Build.0 = Release|Any CPU
		{0A56B6AE-78C2-40D2-B10E-E1C58AC0E384}.Debug|Any CPU.ActiveCfg = Debug|Any CPU
		{0A56B6AE-78C2-40D2-B10E-E1C58AC0E384}.Debug|Any CPU.Build.0 = Debug|Any CPU
		{0A56B6AE-78C2-40D2-B10E-E1C58AC0E384}.Release|Any CPU.ActiveCfg = Release|Any CPU
		{0A56B6AE-78C2-40D2-B10E-E1C58AC0E384}.Release|Any CPU.Build.0 = Release|Any CPU
		{EA995900-8B73-4F5C-B4B6-AF5BA17A26B4}.Debug|Any CPU.ActiveCfg = Debug|Any CPU
		{EA995900-8B73-4F5C-B4B6-AF5BA17A26B4}.Debug|Any CPU.Build.0 = Debug|Any CPU
		{EA995900-8B73-4F5C-B4B6-AF5BA17A26B4}.Release|Any CPU.ActiveCfg = Release|Any CPU
		{EA995900-8B73-4F5C-B4B6-AF5BA17A26B4}.Release|Any CPU.Build.0 = Release|Any CPU
	EndGlobalSection
	GlobalSection(NestedProjects) = preSolution
		{8C5A08C6-57A8-4E61-B91A-52F6F3D03538} = {A583C082-0FFC-42C8-8796-2F21FF03534C}
		{279D71BE-B67F-4D05-A2A0-D208837FC695} = {A583C082-0FFC-42C8-8796-2F21FF03534C}
		{69BAFB02-39E2-4F95-BC7D-FC6234A09B2D} = {A583C082-0FFC-42C8-8796-2F21FF03534C}
		{9BB4752B-620B-4F95-BCDC-64BA5F8D8D21} = {D6306A2D-EE69-4CAC-AD29-8E100629C8C2}
		{202EE48A-1792-427F-A661-5FCC8F8E3588} = {D6306A2D-EE69-4CAC-AD29-8E100629C8C2}
		{646F27F0-49DD-414E-AE96-6C9050752FC1} = {D6306A2D-EE69-4CAC-AD29-8E100629C8C2}
		{1497914A-090B-4968-BFA9-EB36A1F5847F} = {D6306A2D-EE69-4CAC-AD29-8E100629C8C2}
		{5DC6CD5C-C7D7-4D3B-BFC2-33F643380968} = {D6306A2D-EE69-4CAC-AD29-8E100629C8C2}
		{5D05F1F1-CB3D-41B9-87F4-AE6686B510CA} = {D6306A2D-EE69-4CAC-AD29-8E100629C8C2}
		{8F130793-A3EF-45EF-868D-C13E17894EB6} = {D6306A2D-EE69-4CAC-AD29-8E100629C8C2}
		{E40320D2-2A94-42A3-A119-B1DE5E222B34} = {D6306A2D-EE69-4CAC-AD29-8E100629C8C2}
		{570C094C-E805-434F-ADC9-335FFC03C43A} = {A583C082-0FFC-42C8-8796-2F21FF03534C}
		{5B66FBA4-74E2-4FBE-B340-FF026E81EB23} = {D6306A2D-EE69-4CAC-AD29-8E100629C8C2}
		{2BC9CB04-160A-48EA-8D0A-E0B71D4219F0} = {5B66FBA4-74E2-4FBE-B340-FF026E81EB23}
		{7B179E92-2F69-4A4A-9038-6D6E475523E9} = {2BC9CB04-160A-48EA-8D0A-E0B71D4219F0}
		{10D529DE-18F1-4956-A28A-6BD50F6B183B} = {2BC9CB04-160A-48EA-8D0A-E0B71D4219F0}
		{62C119C4-3548-4D95-BE57-46C311AA2B9D} = {2BC9CB04-160A-48EA-8D0A-E0B71D4219F0}
		{0FC401C8-DAF6-410F-A825-985E9F81943C} = {2BC9CB04-160A-48EA-8D0A-E0B71D4219F0}
		{A9C20DC1-DB8B-4D61-9C6D-3A3106EB3BB4} = {D6306A2D-EE69-4CAC-AD29-8E100629C8C2}
		{B67E908F-ACF1-4936-BA59-91CE142A70C6} = {2BC9CB04-160A-48EA-8D0A-E0B71D4219F0}
		{62B0A46B-201E-43C5-869F-85BE416CDA41} = {A583C082-0FFC-42C8-8796-2F21FF03534C}
		{4A47DF11-2CC5-4B90-B64B-A5D13671E11E} = {D6306A2D-EE69-4CAC-AD29-8E100629C8C2}
		{0A56B6AE-78C2-40D2-B10E-E1C58AC0E384} = {D6306A2D-EE69-4CAC-AD29-8E100629C8C2}
		{EA995900-8B73-4F5C-B4B6-AF5BA17A26B4} = {D6306A2D-EE69-4CAC-AD29-8E100629C8C2}
	EndGlobalSection
EndGlobal
